
Microsoft Visual Studio Solution File, Format Version 12.00
# Visual Studio Version 17
VisualStudioVersion = 17.14.36109.1 d17.14
MinimumVisualStudioVersion = 10.0.40219.1
Project("{FAE04EC0-301F-11D3-BF4B-00C04F79EFBC}") = "PointOfSale", "PointOfSale\PointOfSale.csproj", "{B8AF52DB-BDE0-479B-B997-C026CDA1248B}"
EndProject
Project("{FAE04EC0-301F-11D3-BF4B-00C04F79EFBC}") = "PointsOfSale.Tests", "PointsOfScale.Tests\PointsOfSale.Tests.csproj", "{A4C41DD1-D4F5-4482-912B-0F55322D600D}"
EndProject
Global
	GlobalSection(SolutionConfigurationPlatforms) = preSolution
		Debug|Any CPU = Debug|Any CPU
		Release|Any CPU = Release|Any CPU
	EndGlobalSection
	GlobalSection(ProjectConfigurationPlatforms) = postSolution
		{B8AF52DB-BDE0-479B-B997-C026CDA1248B}.Debug|Any CPU.ActiveCfg = Debug|Any CPU
		{B8AF52DB-BDE0-479B-B997-C026CDA1248B}.Debug|Any CPU.Build.0 = Debug|Any CPU
		{B8AF52DB-BDE0-479B-B997-C026CDA1248B}.Release|Any CPU.ActiveCfg = Release|Any CPU
		{B8AF52DB-BDE0-479B-B997-C026CDA1248B}.Release|Any CPU.Build.0 = Release|Any CPU
		{A4C41DD1-D4F5-4482-912B-0F55322D600D}.Debug|Any CPU.ActiveCfg = Debug|Any CPU
		{A4C41DD1-D4F5-4482-912B-0F55322D600D}.Debug|Any CPU.Build.0 = Debug|Any CPU
		{A4C41DD1-D4F5-4482-912B-0F55322D600D}.Release|Any CPU.ActiveCfg = Release|Any CPU
		{A4C41DD1-D4F5-4482-912B-0F55322D600D}.Release|Any CPU.Build.0 = Release|Any CPU
	EndGlobalSection
	GlobalSection(SolutionProperties) = preSolution
		HideSolutionNode = FALSE
	EndGlobalSection
	GlobalSection(ExtensibilityGlobals) = postSolution
		SolutionGuid = {471B7B1A-DD2F-4A9B-916E-D403A70CE35A}
	EndGlobalSection
EndGlobal
